
Microsoft Visual Studio Solution File, Format Version 12.00
# Visual Studio Version 17
VisualStudioVersion = 17.0.32112.339
MinimumVisualStudioVersion = 10.0.40219.1
Project("{9A19103F-16F7-4668-BE54-9A1E7A4F7556}") = "Entities", "Entities\Entities.csproj", "{C68E4724-A286-4782-B323-97BE60833990}"
EndProject
Project("{9A19103F-16F7-4668-BE54-9A1E7A4F7556}") = "DataAccess", "DataAccess\DataAccess.csproj", "{6556B59C-A315-4E77-AA3A-A509FD772F3D}"
EndProject
Project("{9A19103F-16F7-4668-BE54-9A1E7A4F7556}") = "Console", "Console\Console.csproj", "{E9936AAC-9D0F-4D4F-B820-86F90929DFC0}"
EndProject
Project("{9A19103F-16F7-4668-BE54-9A1E7A4F7556}") = "Business", "Bıusiness\Business.csproj", "{9DE9E2E6-02C6-4885-823D-BA6BD7CBCA9C}"
EndProject
Project("{9A19103F-16F7-4668-BE54-9A1E7A4F7556}") = "Core", "Core\Core.csproj", "{C236CEB5-B414-4E0F-8E53-313F239C642F}"
EndProject
Project("{9A19103F-16F7-4668-BE54-9A1E7A4F7556}") = "WebAPI", "WebAPI\WebAPI.csproj", "{AD4EAAEA-3EDD-4C90-A208-BB2421E5252A}"
EndProject
Global
	GlobalSection(SolutionConfigurationPlatforms) = preSolution
		Debug|Any CPU = Debug|Any CPU
		Release|Any CPU = Release|Any CPU
	EndGlobalSection
	GlobalSection(ProjectConfigurationPlatforms) = postSolution
		{C68E4724-A286-4782-B323-97BE60833990}.Debug|Any CPU.ActiveCfg = Debug|Any CPU
		{C68E4724-A286-4782-B323-97BE60833990}.Debug|Any CPU.Build.0 = Debug|Any CPU
		{C68E4724-A286-4782-B323-97BE60833990}.Release|Any CPU.ActiveCfg = Release|Any CPU
		{C68E4724-A286-4782-B323-97BE60833990}.Release|Any CPU.Build.0 = Release|Any CPU
		{6556B59C-A315-4E77-AA3A-A509FD772F3D}.Debug|Any CPU.ActiveCfg = Debug|Any CPU
		{6556B59C-A315-4E77-AA3A-A509FD772F3D}.Debug|Any CPU.Build.0 = Debug|Any CPU
		{6556B59C-A315-4E77-AA3A-A509FD772F3D}.Release|Any CPU.ActiveCfg = Release|Any CPU
		{6556B59C-A315-4E77-AA3A-A509FD772F3D}.Release|Any CPU.Build.0 = Release|Any CPU
		{E9936AAC-9D0F-4D4F-B820-86F90929DFC0}.Debug|Any CPU.ActiveCfg = Debug|Any CPU
		{E9936AAC-9D0F-4D4F-B820-86F90929DFC0}.Debug|Any CPU.Build.0 = Debug|Any CPU
		{E9936AAC-9D0F-4D4F-B820-86F90929DFC0}.Release|Any CPU.ActiveCfg = Release|Any CPU
		{E9936AAC-9D0F-4D4F-B820-86F90929DFC0}.Release|Any CPU.Build.0 = Release|Any CPU
		{9DE9E2E6-02C6-4885-823D-BA6BD7CBCA9C}.Debug|Any CPU.ActiveCfg = Debug|Any CPU
		{9DE9E2E6-02C6-4885-823D-BA6BD7CBCA9C}.Debug|Any CPU.Build.0 = Debug|Any CPU
		{9DE9E2E6-02C6-4885-823D-BA6BD7CBCA9C}.Release|Any CPU.ActiveCfg = Release|Any CPU
		{9DE9E2E6-02C6-4885-823D-BA6BD7CBCA9C}.Release|Any CPU.Build.0 = Release|Any CPU
		{C236CEB5-B414-4E0F-8E53-313F239C642F}.Debug|Any CPU.ActiveCfg = Debug|Any CPU
		{C236CEB5-B414-4E0F-8E53-313F239C642F}.Debug|Any CPU.Build.0 = Debug|Any CPU
		{C236CEB5-B414-4E0F-8E53-313F239C642F}.Release|Any CPU.ActiveCfg = Release|Any CPU
		{C236CEB5-B414-4E0F-8E53-313F239C642F}.Release|Any CPU.Build.0 = Release|Any CPU
		{AD4EAAEA-3EDD-4C90-A208-BB2421E5252A}.Debug|Any CPU.ActiveCfg = Debug|Any CPU
		{AD4EAAEA-3EDD-4C90-A208-BB2421E5252A}.Debug|Any CPU.Build.0 = Debug|Any CPU
		{AD4EAAEA-3EDD-4C90-A208-BB2421E5252A}.Release|Any CPU.ActiveCfg = Release|Any CPU
		{AD4EAAEA-3EDD-4C90-A208-BB2421E5252A}.Release|Any CPU.Build.0 = Release|Any CPU
	EndGlobalSection
	GlobalSection(SolutionProperties) = preSolution
		HideSolutionNode = FALSE
	EndGlobalSection
	GlobalSection(ExtensibilityGlobals) = postSolution
		SolutionGuid = {0AA16712-E0A1-4299-8360-68921FC695CB}
	EndGlobalSection
EndGlobal
